
Microsoft Visual Studio Solution File, Format Version 12.00
# Visual Studio Version 16
VisualStudioVersion = 16.0.31515.178
MinimumVisualStudioVersion = 10.0.40219.1
Project("{FAE04EC0-301F-11D3-BF4B-00C04F79EFBC}") = "HW-Lesson-12", "HW-Lesson-12\HW-Lesson-12.csproj", "{EF3099B2-54B2-4972-95AD-1E3E33EE5346}"
EndProject
Global
	GlobalSection(SolutionConfigurationPlatforms) = preSolution
		Debug|Any CPU = Debug|Any CPU
		Release|Any CPU = Release|Any CPU
	EndGlobalSection
	GlobalSection(ProjectConfigurationPlatforms) = postSolution
		{EF3099B2-54B2-4972-95AD-1E3E33EE5346}.Debug|Any CPU.ActiveCfg = Debug|Any CPU
		{EF3099B2-54B2-4972-95AD-1E3E33EE5346}.Debug|Any CPU.Build.0 = Debug|Any CPU
		{EF3099B2-54B2-4972-95AD-1E3E33EE5346}.Release|Any CPU.ActiveCfg = Release|Any CPU
		{EF3099B2-54B2-4972-95AD-1E3E33EE5346}.Release|Any CPU.Build.0 = Release|Any CPU
	EndGlobalSection
	GlobalSection(SolutionProperties) = preSolution
		HideSolutionNode = FALSE
	EndGlobalSection
	GlobalSection(ExtensibilityGlobals) = postSolution
		SolutionGuid = {71F31C56-51B4-4071-871C-E6F6608F3309}
	EndGlobalSection
EndGlobal
